
Microsoft Visual Studio Solution File, Format Version 12.00
# Visual Studio Version 17
VisualStudioVersion = 17.11.35327.3
MinimumVisualStudioVersion = 10.0.40219.1
Project("{9A19103F-16F7-4668-BE54-9A1E7A4F7556}") = "ElevatorChallengAPI", "ElevatorChallengAPI\ElevatorChallengAPI.csproj", "{967C8730-489B-46AB-B6E9-1ACFC219310A}"
EndProject
Project("{9A19103F-16F7-4668-BE54-9A1E7A4F7556}") = "ConsoleApp", "ConsoleApp\ConsoleApp.csproj", "{EC02A321-7450-4AF0-965A-08FD837D2A21}"
EndProject
Project("{9A19103F-16F7-4668-BE54-9A1E7A4F7556}") = "ElevatorChallengeTest", "ElevatorTest\ElevatorChallengeTest.csproj", "{E41F5C3E-8E9B-46E8-B135-393204118FE6}"
EndProject
Global
	GlobalSection(SolutionConfigurationPlatforms) = preSolution
		Debug|Any CPU = Debug|Any CPU
		Release|Any CPU = Release|Any CPU
	EndGlobalSection
	GlobalSection(ProjectConfigurationPlatforms) = postSolution
		{967C8730-489B-46AB-B6E9-1ACFC219310A}.Debug|Any CPU.ActiveCfg = Debug|Any CPU
		{967C8730-489B-46AB-B6E9-1ACFC219310A}.Debug|Any CPU.Build.0 = Debug|Any CPU
		{967C8730-489B-46AB-B6E9-1ACFC219310A}.Release|Any CPU.ActiveCfg = Release|Any CPU
		{967C8730-489B-46AB-B6E9-1ACFC219310A}.Release|Any CPU.Build.0 = Release|Any CPU
		{EC02A321-7450-4AF0-965A-08FD837D2A21}.Debug|Any CPU.ActiveCfg = Debug|Any CPU
		{EC02A321-7450-4AF0-965A-08FD837D2A21}.Debug|Any CPU.Build.0 = Debug|Any CPU
		{EC02A321-7450-4AF0-965A-08FD837D2A21}.Release|Any CPU.ActiveCfg = Release|Any CPU
		{EC02A321-7450-4AF0-965A-08FD837D2A21}.Release|Any CPU.Build.0 = Release|Any CPU
		{E41F5C3E-8E9B-46E8-B135-393204118FE6}.Debug|Any CPU.ActiveCfg = Debug|Any CPU
		{E41F5C3E-8E9B-46E8-B135-393204118FE6}.Debug|Any CPU.Build.0 = Debug|Any CPU
		{E41F5C3E-8E9B-46E8-B135-393204118FE6}.Release|Any CPU.ActiveCfg = Release|Any CPU
		{E41F5C3E-8E9B-46E8-B135-393204118FE6}.Release|Any CPU.Build.0 = Release|Any CPU
	EndGlobalSection
	GlobalSection(SolutionProperties) = preSolution
		HideSolutionNode = FALSE
	EndGlobalSection
	GlobalSection(ExtensibilityGlobals) = postSolution
		SolutionGuid = {3D25FF6D-B7EF-4C0C-905F-33F0C263B170}
	EndGlobalSection
EndGlobal
